# THIS IS AN AUTOGENERATED FILE. DO NOT EDIT THIS FILE DIRECTLY.
# yarn lockfile v1


"@nervosnetwork/ckb-sdk-core@^0.38.2":
  version "0.38.2"
  resolved "https://registry.yarnpkg.com/@nervosnetwork/ckb-sdk-core/-/ckb-sdk-core-0.38.2.tgz#26f3dc8e29d5843662d5339536da6cb927b4c351"
  integrity sha512-rmyfAs5nhFuZeuAyu47gZPe5ZAzBt9GJdW9gmp0GTU7ed35H17uK1EjGgpzEkbz9yozVs36SCh3Lpa80csnggQ==
  dependencies:
    "@nervosnetwork/ckb-sdk-rpc" "0.38.2"
    "@nervosnetwork/ckb-sdk-utils" "0.38.2"
    "@nervosnetwork/ckb-types" "0.38.2"
    tslib "2.0.1"

"@nervosnetwork/ckb-sdk-rpc@0.38.2":
  version "0.38.2"
  resolved "https://registry.yarnpkg.com/@nervosnetwork/ckb-sdk-rpc/-/ckb-sdk-rpc-0.38.2.tgz#03f84d569aa781b41c51a311d068d0e937d01e5c"
  integrity sha512-66ws2HpUVfnTwrqM5uK4Tw0aqpvaAohA0noPdLQjJHMqnOfftyBJYyawEbkci0BvJfafB4vvx42HRmnyM4W4sw==
  dependencies:
    "@nervosnetwork/ckb-sdk-utils" "0.38.2"
    axios "0.19.2"
    tslib "2.0.1"

"@nervosnetwork/ckb-sdk-utils@0.38.2", "@nervosnetwork/ckb-sdk-utils@^0.38.2":
  version "0.38.2"
  resolved "https://registry.yarnpkg.com/@nervosnetwork/ckb-sdk-utils/-/ckb-sdk-utils-0.38.2.tgz#e52f1a9270582f44629a53d55d0e674a035f3d9b"
  integrity sha512-FVV1zyJVwFGfE7AxaizZTNWmvF3sY5E/JoMam0k/2BE+Wk+I/9mvCyxm3aTJn6IBqbmZZ2geBax4malMX0YMoQ==
  dependencies:
    "@nervosnetwork/ckb-types" "0.38.2"
    elliptic "6.5.3"
    jsbi "3.1.3"
    tslib "2.0.1"

"@nervosnetwork/ckb-types@0.38.2":
  version "0.38.2"
  resolved "https://registry.yarnpkg.com/@nervosnetwork/ckb-types/-/ckb-types-0.38.2.tgz#2e584c0f3f3ba53d30abe1a0a80493091d92c547"
  integrity sha512-d5oQug8qZGJ188JE5e7baYLER45vVuTkzgEU07dmUxbib3+nDdme1ZK1659329mSDO9u1yRPuhRhu8YXREWOtA==

axios@0.19.2:
  version "0.19.2"
  resolved "https://registry.yarnpkg.com/axios/-/axios-0.19.2.tgz#3ea36c5d8818d0d5f8a8a97a6d36b86cdc00cb27"
  integrity sha512-fjgm5MvRHLhx+osE2xoekY70AhARk3a6hkN+3Io1jc00jtquGvxYlKlsFUhmUET0V5te6CcZI7lcv2Ym61mjHA==
  dependencies:
    follow-redirects "1.5.10"

bn.js@^4.4.0:
  version "4.12.0"
  resolved "https://registry.yarnpkg.com/bn.js/-/bn.js-4.12.0.tgz#775b3f278efbb9718eec7361f483fb36fbbfea88"
  integrity sha512-c98Bf3tPniI+scsdk237ku1Dc3ujXQTSgyiPUDEOe7tRkhrqridvh8klBv0HCEso1OLOYcHuCv/cS6DNxKH+ZA==

brorand@^1.0.1:
  version "1.1.0"
  resolved "https://registry.yarnpkg.com/brorand/-/brorand-1.1.0.tgz#12c25efe40a45e3c323eb8675a0a0ce57b22371f"
  integrity sha1-EsJe/kCkXjwyPrhnWgoM5XsiNx8=

debug@=3.1.0:
  version "3.1.0"
  resolved "https://registry.yarnpkg.com/debug/-/debug-3.1.0.tgz#5bb5a0672628b64149566ba16819e61518c67261"
  integrity sha512-OX8XqP7/1a9cqkxYw2yXss15f26NKWBpDXQd0/uK/KPqdQhxbPa994hnzjcE2VqQpDslf55723cKPUOGSmMY3g==
  dependencies:
    ms "2.0.0"

dotenv@^8.2.0:
  version "8.2.0"
  resolved "https://registry.yarnpkg.com/dotenv/-/dotenv-8.2.0.tgz#97e619259ada750eea3e4ea3e26bceea5424b16a"
  integrity sha512-8sJ78ElpbDJBHNeBzUbUVLsqKdccaa/BXF1uPTw3GrvQTBgrQrtObr2mUrE38vzYd8cEv+m/JBfDLioYcfXoaw==

elliptic@6.5.3:
  version "6.5.3"
  resolved "https://registry.yarnpkg.com/elliptic/-/elliptic-6.5.3.tgz#cb59eb2efdaf73a0bd78ccd7015a62ad6e0f93d6"
  integrity sha512-IMqzv5wNQf+E6aHeIqATs0tOLeOTwj1QKbRcS3jBbYkl5oLAserA8yJTT7/VyHUYG91PRmPyeQDObKLPpeS4dw==
  dependencies:
    bn.js "^4.4.0"
    brorand "^1.0.1"
    hash.js "^1.0.0"
    hmac-drbg "^1.0.0"
    inherits "^2.0.1"
    minimalistic-assert "^1.0.0"
    minimalistic-crypto-utils "^1.0.0"

follow-redirects@1.5.10:
  version "1.5.10"
  resolved "https://registry.yarnpkg.com/follow-redirects/-/follow-redirects-1.5.10.tgz#7b7a9f9aea2fdff36786a94ff643ed07f4ff5e2a"
  integrity sha512-0V5l4Cizzvqt5D44aTXbFZz+FtyXV1vrDN6qrelxtfYQKW0KO0W2T/hkE8xvGa/540LkZlkaUjO4ailYTFtHVQ==
  dependencies:
    debug "=3.1.0"

hash.js@^1.0.0, hash.js@^1.0.3:
  version "1.1.7"
  resolved "https://registry.yarnpkg.com/hash.js/-/hash.js-1.1.7.tgz#0babca538e8d4ee4a0f8988d68866537a003cf42"
  integrity sha512-taOaskGt4z4SOANNseOviYDvjEJinIkRgmp7LbKP2YTTmVxWBl87s/uzK9r+44BclBSp2X7K1hqeNfz9JbBeXA==
  dependencies:
    inherits "^2.0.3"
    minimalistic-assert "^1.0.1"

hmac-drbg@^1.0.0:
  version "1.0.1"
  resolved "https://registry.yarnpkg.com/hmac-drbg/-/hmac-drbg-1.0.1.tgz#d2745701025a6c775a6c545793ed502fc0c649a1"
  integrity sha1-0nRXAQJabHdabFRXk+1QL8DGSaE=
  dependencies:
    hash.js "^1.0.3"
    minimalistic-assert "^1.0.0"
    minimalistic-crypto-utils "^1.0.1"

inherits@^2.0.1, inherits@^2.0.3:
  version "2.0.4"
  resolved "https://registry.yarnpkg.com/inherits/-/inherits-2.0.4.tgz#0fa2c64f932917c3433a0ded55363aae37416b7c"
  integrity sha512-k/vGaX4/Yla3WzyMCvTQOXYeIHvqOKtnqBduzTHpzpQZzAskKMhZ2K+EnBiSM9zGSoIFeMpXKxa4dYeZIQqewQ==

jsbi@3.1.3:
  version "3.1.3"
  resolved "https://registry.yarnpkg.com/jsbi/-/jsbi-3.1.3.tgz#f024b340032f7c7caaa6ca4b32b55e8d33f6e897"
  integrity sha512-nBJqA0C6Qns+ZxurbEoIR56wyjiUszpNy70FHvxO5ervMoCbZVE3z3kxr5nKGhlxr/9MhKTSUBs7cAwwuf3g9w==

minimalistic-assert@^1.0.0, minimalistic-assert@^1.0.1:
  version "1.0.1"
  resolved "https://registry.yarnpkg.com/minimalistic-assert/-/minimalistic-assert-1.0.1.tgz#2e194de044626d4a10e7f7fbc00ce73e83e4d5c7"
  integrity sha512-UtJcAD4yEaGtjPezWuO9wC4nwUnVH/8/Im3yEHQP4b67cXlD/Qr9hdITCU1xDbSEXg2XKNaP8jsReV7vQd00/A==

minimalistic-crypto-utils@^1.0.0, minimalistic-crypto-utils@^1.0.1:
  version "1.0.1"
  resolved "https://registry.yarnpkg.com/minimalistic-crypto-utils/-/minimalistic-crypto-utils-1.0.1.tgz#f6c00c1c0b082246e5c4d99dfb8c7c083b2b582a"
  integrity sha1-9sAMHAsIIkblxNmd+4x8CDsrWCo=

ms@2.0.0:
  version "2.0.0"
  resolved "https://registry.yarnpkg.com/ms/-/ms-2.0.0.tgz#5608aeadfc00be6c2901df5f9861788de0d597c8"
  integrity sha1-VgiurfwAvmwpAd9fmGF4jeDVl8g=

node-fetch@^2.6.1:
  version "2.6.1"
  resolved "https://registry.yarnpkg.com/node-fetch/-/node-fetch-2.6.1.tgz#045bd323631f76ed2e2b55573394416b639a0052"
  integrity sha512-V4aYg89jEoVRxRb2fJdAg8FHvI7cEyYdVAh94HH0UIK8oJxUfkjlDQN9RbMx+bEjP7+ggMiFRprSti032Oipxw==

tslib@2.0.1:
  version "2.0.1"
  resolved "https://registry.yarnpkg.com/tslib/-/tslib-2.0.1.tgz#410eb0d113e5b6356490eec749603725b021b43e"
  integrity sha512-SgIkNheinmEBgx1IUNirK0TUD4X9yjjBRTqqjggWCU3pUEqIk3/Uwl3yRixYKT6WjQuGiwDv4NomL3wqRCj+CQ==
